
Microsoft Visual Studio Solution File, Format Version 12.00
# Visual Studio Version 16
VisualStudioVersion = 16.0.30011.22
MinimumVisualStudioVersion = 10.0.40219.1
Project("{8BC9CEB8-8B4A-11D0-8D11-00A0C91BC942}") = "Money system", "Money system\Money system.vcxproj", "{9868E11A-CD7D-476F-9B86-294C0D74177D}"
EndProject
Global
	GlobalSection(SolutionConfigurationPlatforms) = preSolution
		Debug|x64 = Debug|x64
		Debug|x86 = Debug|x86
		Release|x64 = Release|x64
		Release|x86 = Release|x86
	EndGlobalSection
	GlobalSection(ProjectConfigurationPlatforms) = postSolution
		{9868E11A-CD7D-476F-9B86-294C0D74177D}.Debug|x64.ActiveCfg = Debug|x64
		{9868E11A-CD7D-476F-9B86-294C0D74177D}.Debug|x64.Build.0 = Debug|x64
		{9868E11A-CD7D-476F-9B86-294C0D74177D}.Debug|x86.ActiveCfg = Debug|Win32
		{9868E11A-CD7D-476F-9B86-294C0D74177D}.Debug|x86.Build.0 = Debug|Win32
		{9868E11A-CD7D-476F-9B86-294C0D74177D}.Release|x64.ActiveCfg = Release|x64
		{9868E11A-CD7D-476F-9B86-294C0D74177D}.Release|x64.Build.0 = Release|x64
		{9868E11A-CD7D-476F-9B86-294C0D74177D}.Release|x86.ActiveCfg = Release|Win32
		{9868E11A-CD7D-476F-9B86-294C0D74177D}.Release|x86.Build.0 = Release|Win32
	EndGlobalSection
	GlobalSection(SolutionProperties) = preSolution
		HideSolutionNode = FALSE
	EndGlobalSection
	GlobalSection(ExtensibilityGlobals) = postSolution
		SolutionGuid = {FEFEFDFD-9E1B-4051-8027-6F19A7DB95C4}
	EndGlobalSection
EndGlobal
